// !$*UTF8*$!
{
	archiveVersion = 1;
	classes = {
	};
	objectVersion = 50;
	objects = {

/* Begin PBXBuildFile section */
		3D331B572345D14900EA601B /* secrets.swift in Sources */ = {isa = PBXBuildFile; fileRef = 3D331B562345D14900EA601B /* secrets.swift */; };
		3D6FA342233B319D005640BE /* AppDelegate.swift in Sources */ = {isa = PBXBuildFile; fileRef = 3D6FA341233B319D005640BE /* AppDelegate.swift */; };
		3D6FA344233B319D005640BE /* ViewController.swift in Sources */ = {isa = PBXBuildFile; fileRef = 3D6FA343233B319D005640BE /* ViewController.swift */; };
		3D6FA347233B319D005640BE /* Main.storyboard in Resources */ = {isa = PBXBuildFile; fileRef = 3D6FA345233B319D005640BE /* Main.storyboard */; };
		3D6FA34A233B319D005640BE /* Binge_Tracker.xcdatamodeld in Sources */ = {isa = PBXBuildFile; fileRef = 3D6FA348233B319D005640BE /* Binge_Tracker.xcdatamodeld */; };
		3D6FA34C233B319F005640BE /* Assets.xcassets in Resources */ = {isa = PBXBuildFile; fileRef = 3D6FA34B233B319F005640BE /* Assets.xcassets */; };
		3D6FA34F233B319F005640BE /* LaunchScreen.storyboard in Resources */ = {isa = PBXBuildFile; fileRef = 3D6FA34D233B319F005640BE /* LaunchScreen.storyboard */; };
		3D6FA35A233B319F005640BE /* Binge_TrackerTests.swift in Sources */ = {isa = PBXBuildFile; fileRef = 3D6FA359233B319F005640BE /* Binge_TrackerTests.swift */; };
		3D6FA365233B319F005640BE /* Binge_TrackerUITests.swift in Sources */ = {isa = PBXBuildFile; fileRef = 3D6FA364233B319F005640BE /* Binge_TrackerUITests.swift */; };
		3D6FA379233B433B005640BE /* Show.swift in Sources */ = {isa = PBXBuildFile; fileRef = 3D6FA378233B433B005640BE /* Show.swift */; };
		3D6FA37B233C06BA005640BE /* ShowCollectionViewCell.swift in Sources */ = {isa = PBXBuildFile; fileRef = 3D6FA37A233C06BA005640BE /* ShowCollectionViewCell.swift */; };
		3D6FA37D233C1830005640BE /* AddViewController.swift in Sources */ = {isa = PBXBuildFile; fileRef = 3D6FA37C233C1830005640BE /* AddViewController.swift */; };
		3D6FA37F233C8549005640BE /* SearchResultTableViewCell.swift in Sources */ = {isa = PBXBuildFile; fileRef = 3D6FA37E233C8549005640BE /* SearchResultTableViewCell.swift */; };
/* End PBXBuildFile section */

/* Begin PBXContainerItemProxy section */
		3D6FA356233B319F005640BE /* PBXContainerItemProxy */ = {
			isa = PBXContainerItemProxy;
			containerPortal = 3D6FA336233B319D005640BE /* Project object */;
			proxyType = 1;
			remoteGlobalIDString = 3D6FA33D233B319D005640BE;
			remoteInfo = Binge_Tracker;
		};
		3D6FA361233B319F005640BE /* PBXContainerItemProxy */ = {
			isa = PBXContainerItemProxy;
			containerPortal = 3D6FA336233B319D005640BE /* Project object */;
			proxyType = 1;
			remoteGlobalIDString = 3D6FA33D233B319D005640BE;
			remoteInfo = Binge_Tracker;
		};
/* End PBXContainerItemProxy section */

/* Begin PBXFileReference section */
		3D331B562345D14900EA601B /* secrets.swift */ = {isa = PBXFileReference; lastKnownFileType = sourcecode.swift; path = secrets.swift; sourceTree = "<group>"; };
		3D6FA33E233B319D005640BE /* Binge_Tracker.app */ = {isa = PBXFileReference; explicitFileType = wrapper.application; includeInIndex = 0; path = Binge_Tracker.app; sourceTree = BUILT_PRODUCTS_DIR; };
		3D6FA341233B319D005640BE /* AppDelegate.swift */ = {isa = PBXFileReference; lastKnownFileType = sourcecode.swift; path = AppDelegate.swift; sourceTree = "<group>"; };
		3D6FA343233B319D005640BE /* ViewController.swift */ = {isa = PBXFileReference; lastKnownFileType = sourcecode.swift; path = ViewController.swift; sourceTree = "<group>"; };
		3D6FA346233B319D005640BE /* Base */ = {isa = PBXFileReference; lastKnownFileType = file.storyboard; name = Base; path = Base.lproj/Main.storyboard; sourceTree = "<group>"; };
		3D6FA349233B319D005640BE /* Binge_Tracker.xcdatamodel */ = {isa = PBXFileReference; lastKnownFileType = wrapper.xcdatamodel; path = Binge_Tracker.xcdatamodel; sourceTree = "<group>"; };
		3D6FA34B233B319F005640BE /* Assets.xcassets */ = {isa = PBXFileReference; lastKnownFileType = folder.assetcatalog; path = Assets.xcassets; sourceTree = "<group>"; };
		3D6FA34E233B319F005640BE /* Base */ = {isa = PBXFileReference; lastKnownFileType = file.storyboard; name = Base; path = Base.lproj/LaunchScreen.storyboard; sourceTree = "<group>"; };
		3D6FA350233B319F005640BE /* Info.plist */ = {isa = PBXFileReference; lastKnownFileType = text.plist.xml; path = Info.plist; sourceTree = "<group>"; };
		3D6FA355233B319F005640BE /* Binge_TrackerTests.xctest */ = {isa = PBXFileReference; explicitFileType = wrapper.cfbundle; includeInIndex = 0; path = Binge_TrackerTests.xctest; sourceTree = BUILT_PRODUCTS_DIR; };
		3D6FA359233B319F005640BE /* Binge_TrackerTests.swift */ = {isa = PBXFileReference; lastKnownFileType = sourcecode.swift; path = Binge_TrackerTests.swift; sourceTree = "<group>"; };
		3D6FA35B233B319F005640BE /* Info.plist */ = {isa = PBXFileReference; lastKnownFileType = text.plist.xml; path = Info.plist; sourceTree = "<group>"; };
		3D6FA360233B319F005640BE /* Binge_TrackerUITests.xctest */ = {isa = PBXFileReference; explicitFileType = wrapper.cfbundle; includeInIndex = 0; path = Binge_TrackerUITests.xctest; sourceTree = BUILT_PRODUCTS_DIR; };
		3D6FA364233B319F005640BE /* Binge_TrackerUITests.swift */ = {isa = PBXFileReference; lastKnownFileType = sourcecode.swift; path = Binge_TrackerUITests.swift; sourceTree = "<group>"; };
		3D6FA366233B319F005640BE /* Info.plist */ = {isa = PBXFileReference; lastKnownFileType = text.plist.xml; path = Info.plist; sourceTree = "<group>"; };
		3D6FA378233B433B005640BE /* Show.swift */ = {isa = PBXFileReference; lastKnownFileType = sourcecode.swift; path = Show.swift; sourceTree = "<group>"; };
		3D6FA37A233C06BA005640BE /* ShowCollectionViewCell.swift */ = {isa = PBXFileReference; lastKnownFileType = sourcecode.swift; path = ShowCollectionViewCell.swift; sourceTree = "<group>"; };
		3D6FA37C233C1830005640BE /* AddViewController.swift */ = {isa = PBXFileReference; lastKnownFileType = sourcecode.swift; path = AddViewController.swift; sourceTree = "<group>"; };
		3D6FA37E233C8549005640BE /* SearchResultTableViewCell.swift */ = {isa = PBXFileReference; lastKnownFileType = sourcecode.swift; path = SearchResultTableViewCell.swift; sourceTree = "<group>"; };
/* End PBXFileReference section */

/* Begin PBXFrameworksBuildPhase section */
		3D6FA33B233B319D005640BE /* Frameworks */ = {
			isa = PBXFrameworksBuildPhase;
			buildActionMask = 2147483647;
			files = (
			);
			runOnlyForDeploymentPostprocessing = 0;
		};
		3D6FA352233B319F005640BE /* Frameworks */ = {
			isa = PBXFrameworksBuildPhase;
			buildActionMask = 2147483647;
			files = (
			);
			runOnlyForDeploymentPostprocessing = 0;
		};
		3D6FA35D233B319F005640BE /* Frameworks */ = {
			isa = PBXFrameworksBuildPhase;
			buildActionMask = 2147483647;
			files = (
			);
			runOnlyForDeploymentPostprocessing = 0;
		};
/* End PBXFrameworksBuildPhase section */

/* Begin PBXGroup section */
		3D6FA335233B319D005640BE = {
			isa = PBXGroup;
			children = (
				3D6FA340233B319D005640BE /* Binge_Tracker */,
				3D6FA358233B319F005640BE /* Binge_TrackerTests */,
				3D6FA363233B319F005640BE /* Binge_TrackerUITests */,
				3D6FA33F233B319D005640BE /* Products */,
			);
			sourceTree = "<group>";
		};
		3D6FA33F233B319D005640BE /* Products */ = {
			isa = PBXGroup;
			children = (
				3D6FA33E233B319D005640BE /* Binge_Tracker.app */,
				3D6FA355233B319F005640BE /* Binge_TrackerTests.xctest */,
				3D6FA360233B319F005640BE /* Binge_TrackerUITests.xctest */,
			);
			name = Products;
			sourceTree = "<group>";
		};
		3D6FA340233B319D005640BE /* Binge_Tracker */ = {
			isa = PBXGroup;
			children = (
				3D6FA341233B319D005640BE /* AppDelegate.swift */,
				3D6FA343233B319D005640BE /* ViewController.swift */,
				3D6FA37A233C06BA005640BE /* ShowCollectionViewCell.swift */,
				3D6FA378233B433B005640BE /* Show.swift */,
				3D6FA345233B319D005640BE /* Main.storyboard */,
				3D6FA37E233C8549005640BE /* SearchResultTableViewCell.swift */,
				3D6FA37C233C1830005640BE /* AddViewController.swift */,
				3D331B562345D14900EA601B /* secrets.swift */,
				3D6FA34B233B319F005640BE /* Assets.xcassets */,
				3D6FA34D233B319F005640BE /* LaunchScreen.storyboard */,
				3D6FA350233B319F005640BE /* Info.plist */,
				3D6FA348233B319D005640BE /* Binge_Tracker.xcdatamodeld */,
			);
			path = Binge_Tracker;
			sourceTree = "<group>";
		};
		3D6FA358233B319F005640BE /* Binge_TrackerTests */ = {
			isa = PBXGroup;
			children = (
				3D6FA359233B319F005640BE /* Binge_TrackerTests.swift */,
				3D6FA35B233B319F005640BE /* Info.plist */,
			);
			path = Binge_TrackerTests;
			sourceTree = "<group>";
		};
		3D6FA363233B319F005640BE /* Binge_TrackerUITests */ = {
			isa = PBXGroup;
			children = (
				3D6FA364233B319F005640BE /* Binge_TrackerUITests.swift */,
				3D6FA366233B319F005640BE /* Info.plist */,
			);
			path = Binge_TrackerUITests;
			sourceTree = "<group>";
		};
/* End PBXGroup section */

/* Begin PBXNativeTarget section */
		3D6FA33D233B319D005640BE /* Binge_Tracker */ = {
			isa = PBXNativeTarget;
			buildConfigurationList = 3D6FA369233B319F005640BE /* Build configuration list for PBXNativeTarget "Binge_Tracker" */;
			buildPhases = (
				3D6FA33A233B319D005640BE /* Sources */,
				3D6FA33B233B319D005640BE /* Frameworks */,
				3D6FA33C233B319D005640BE /* Resources */,
			);
			buildRules = (
			);
			dependencies = (
			);
			name = Binge_Tracker;
			productName = Binge_Tracker;
			productReference = 3D6FA33E233B319D005640BE /* Binge_Tracker.app */;
			productType = "com.apple.product-type.application";
		};
		3D6FA354233B319F005640BE /* Binge_TrackerTests */ = {
			isa = PBXNativeTarget;
			buildConfigurationList = 3D6FA36C233B319F005640BE /* Build configuration list for PBXNativeTarget "Binge_TrackerTests" */;
			buildPhases = (
				3D6FA351233B319F005640BE /* Sources */,
				3D6FA352233B319F005640BE /* Frameworks */,
				3D6FA353233B319F005640BE /* Resources */,
			);
			buildRules = (
			);
			dependencies = (
				3D6FA357233B319F005640BE /* PBXTargetDependency */,
			);
			name = Binge_TrackerTests;
			productName = Binge_TrackerTests;
			productReference = 3D6FA355233B319F005640BE /* Binge_TrackerTests.xctest */;
			productType = "com.apple.product-type.bundle.unit-test";
		};
		3D6FA35F233B319F005640BE /* Binge_TrackerUITests */ = {
			isa = PBXNativeTarget;
			buildConfigurationList = 3D6FA36F233B319F005640BE /* Build configuration list for PBXNativeTarget "Binge_TrackerUITests" */;
			buildPhases = (
				3D6FA35C233B319F005640BE /* Sources */,
				3D6FA35D233B319F005640BE /* Frameworks */,
				3D6FA35E233B319F005640BE /* Resources */,
			);
			buildRules = (
			);
			dependencies = (
				3D6FA362233B319F005640BE /* PBXTargetDependency */,
			);
			name = Binge_TrackerUITests;
			productName = Binge_TrackerUITests;
			productReference = 3D6FA360233B319F005640BE /* Binge_TrackerUITests.xctest */;
			productType = "com.apple.product-type.bundle.ui-testing";
		};
/* End PBXNativeTarget section */

/* Begin PBXProject section */
		3D6FA336233B319D005640BE /* Project object */ = {
			isa = PBXProject;
			attributes = {
				LastSwiftUpdateCheck = 1020;
				LastUpgradeCheck = 1020;
				ORGANIZATIONNAME = "William Spalding";
				TargetAttributes = {
					3D6FA33D233B319D005640BE = {
						CreatedOnToolsVersion = 10.2.1;
					};
					3D6FA354233B319F005640BE = {
						CreatedOnToolsVersion = 10.2.1;
						TestTargetID = 3D6FA33D233B319D005640BE;
					};
					3D6FA35F233B319F005640BE = {
						CreatedOnToolsVersion = 10.2.1;
						TestTargetID = 3D6FA33D233B319D005640BE;
					};
				};
			};
			buildConfigurationList = 3D6FA339233B319D005640BE /* Build configuration list for PBXProject "Binge_Tracker" */;
			compatibilityVersion = "Xcode 9.3";
			developmentRegion = en;
			hasScannedForEncodings = 0;
			knownRegions = (
				en,
				Base,
			);
			mainGroup = 3D6FA335233B319D005640BE;
			productRefGroup = 3D6FA33F233B319D005640BE /* Products */;
			projectDirPath = "";
			projectRoot = "";
			targets = (
				3D6FA33D233B319D005640BE /* Binge_Tracker */,
				3D6FA354233B319F005640BE /* Binge_TrackerTests */,
				3D6FA35F233B319F005640BE /* Binge_TrackerUITests */,
			);
		};
/* End PBXProject section */

/* Begin PBXResourcesBuildPhase section */
		3D6FA33C233B319D005640BE /* Resources */ = {
			isa = PBXResourcesBuildPhase;
			buildActionMask = 2147483647;
			files = (
				3D6FA34F233B319F005640BE /* LaunchScreen.storyboard in Resources */,
				3D6FA34C233B319F005640BE /* Assets.xcassets in Resources */,
				3D6FA347233B319D005640BE /* Main.storyboard in Resources */,
			);
			runOnlyForDeploymentPostprocessing = 0;
		};
		3D6FA353233B319F005640BE /* Resources */ = {
			isa = PBXResourcesBuildPhase;
			buildActionMask = 2147483647;
			files = (
			);
			runOnlyForDeploymentPostprocessing = 0;
		};
		3D6FA35E233B319F005640BE /* Resources */ = {
			isa = PBXResourcesBuildPhase;
			buildActionMask = 2147483647;
			files = (
			);
			runOnlyForDeploymentPostprocessing = 0;
		};
/* End PBXResourcesBuildPhase section */

/* Begin PBXSourcesBuildPhase section */
		3D6FA33A233B319D005640BE /* Sources */ = {
			isa = PBXSourcesBuildPhase;
			buildActionMask = 2147483647;
			files = (
				3D6FA37F233C8549005640BE /* SearchResultTableViewCell.swift in Sources */,
				3D331B572345D14900EA601B /* secrets.swift in Sources */,
				3D6FA344233B319D005640BE /* ViewController.swift in Sources */,
				3D6FA34A233B319D005640BE /* Binge_Tracker.xcdatamodeld in Sources */,
				3D6FA37D233C1830005640BE /* AddViewController.swift in Sources */,
				3D6FA379233B433B005640BE /* Show.swift in Sources */,
				3D6FA342233B319D005640BE /* AppDelegate.swift in Sources */,
				3D6FA37B233C06BA005640BE /* ShowCollectionViewCell.swift in Sources */,
			);
			runOnlyForDeploymentPostprocessing = 0;
		};
		3D6FA351233B319F005640BE /* Sources */ = {
			isa = PBXSourcesBuildPhase;
			buildActionMask = 2147483647;
			files = (
				3D6FA35A233B319F005640BE /* Binge_TrackerTests.swift in Sources */,
			);
			runOnlyForDeploymentPostprocessing = 0;
		};
		3D6FA35C233B319F005640BE /* Sources */ = {
			isa = PBXSourcesBuildPhase;
			buildActionMask = 2147483647;
			files = (
				3D6FA365233B319F005640BE /* Binge_TrackerUITests.swift in Sources */,
			);
			runOnlyForDeploymentPostprocessing = 0;
		};
/* End PBXSourcesBuildPhase section */

/* Begin PBXTargetDependency section */
		3D6FA357233B319F005640BE /* PBXTargetDependency */ = {
			isa = PBXTargetDependency;
			target = 3D6FA33D233B319D005640BE /* Binge_Tracker */;
			targetProxy = 3D6FA356233B319F005640BE /* PBXContainerItemProxy */;
		};
		3D6FA362233B319F005640BE /* PBXTargetDependency */ = {
			isa = PBXTargetDependency;
			target = 3D6FA33D233B319D005640BE /* Binge_Tracker */;
			targetProxy = 3D6FA361233B319F005640BE /* PBXContainerItemProxy */;
		};
/* End PBXTargetDependency section */

/* Begin PBXVariantGroup section */
		3D6FA345233B319D005640BE /* Main.storyboard */ = {
			isa = PBXVariantGroup;
			children = (
				3D6FA346233B319D005640BE /* Base */,
			);
			name = Main.storyboard;
			sourceTree = "<group>";
		};
		3D6FA34D233B319F005640BE /* LaunchScreen.storyboard */ = {
			isa = PBXVariantGroup;
			children = (
				3D6FA34E233B319F005640BE /* Base */,
			);
			name = LaunchScreen.storyboard;
			sourceTree = "<group>";
		};
/* End PBXVariantGroup section */

/* Begin XCBuildConfiguration section */
		3D6FA367233B319F005640BE /* Debug */ = {
			isa = XCBuildConfiguration;
			buildSettings = {
				ALWAYS_SEARCH_USER_PATHS = NO;
				CLANG_ANALYZER_NONNULL = YES;
				CLANG_ANALYZER_NUMBER_OBJECT_CONVERSION = YES_AGGRESSIVE;
				CLANG_CXX_LANGUAGE_STANDARD = "gnu++14";
				CLANG_CXX_LIBRARY = "libc++";
				CLANG_ENABLE_MODULES = YES;
				CLANG_ENABLE_OBJC_ARC = YES;
				CLANG_ENABLE_OBJC_WEAK = YES;
				CLANG_WARN_BLOCK_CAPTURE_AUTORELEASING = YES;
				CLANG_WARN_BOOL_CONVERSION = YES;
				CLANG_WARN_COMMA = YES;
				CLANG_WARN_CONSTANT_CONVERSION = YES;
				CLANG_WARN_DEPRECATED_OBJC_IMPLEMENTATIONS = YES;
				CLANG_WARN_DIRECT_OBJC_ISA_USAGE = YES_ERROR;
				CLANG_WARN_DOCUMENTATION_COMMENTS = YES;
				CLANG_WARN_EMPTY_BODY = YES;
				CLANG_WARN_ENUM_CONVERSION = YES;
				CLANG_WARN_INFINITE_RECURSION = YES;
				CLANG_WARN_INT_CONVERSION = YES;
				CLANG_WARN_NON_LITERAL_NULL_CONVERSION = YES;
				CLANG_WARN_OBJC_IMPLICIT_RETAIN_SELF = YES;
				CLANG_WARN_OBJC_LITERAL_CONVERSION = YES;
				CLANG_WARN_OBJC_ROOT_CLASS = YES_ERROR;
				CLANG_WARN_RANGE_LOOP_ANALYSIS = YES;
				CLANG_WARN_STRICT_PROTOTYPES = YES;
				CLANG_WARN_SUSPICIOUS_MOVE = YES;
				CLANG_WARN_UNGUARDED_AVAILABILITY = YES_AGGRESSIVE;
				CLANG_WARN_UNREACHABLE_CODE = YES;
				CLANG_WARN__DUPLICATE_METHOD_MATCH = YES;
				CODE_SIGN_IDENTITY = "iPhone Developer";
				COPY_PHASE_STRIP = NO;
				DEBUG_INFORMATION_FORMAT = dwarf;
				ENABLE_STRICT_OBJC_MSGSEND = YES;
				ENABLE_TESTABILITY = YES;
				GCC_C_LANGUAGE_STANDARD = gnu11;
				GCC_DYNAMIC_NO_PIC = NO;
				GCC_NO_COMMON_BLOCKS = YES;
				GCC_OPTIMIZATION_LEVEL = 0;
				GCC_PREPROCESSOR_DEFINITIONS = (
					"DEBUG=1",
					"$(inherited)",
				);
				GCC_WARN_64_TO_32_BIT_CONVERSION = YES;
				GCC_WARN_ABOUT_RETURN_TYPE = YES_ERROR;
				GCC_WARN_UNDECLARED_SELECTOR = YES;
				GCC_WARN_UNINITIALIZED_AUTOS = YES_AGGRESSIVE;
				GCC_WARN_UNUSED_FUNCTION = YES;
				GCC_WARN_UNUSED_VARIABLE = YES;
				IPHONEOS_DEPLOYMENT_TARGET = 12.2;
				MTL_ENABLE_DEBUG_INFO = INCLUDE_SOURCE;
				MTL_FAST_MATH = YES;
				ONLY_ACTIVE_ARCH = YES;
				SDKROOT = iphoneos;
				SWIFT_ACTIVE_COMPILATION_CONDITIONS = DEBUG;
				SWIFT_OPTIMIZATION_LEVEL = "-Onone";
			};
			name = Debug;
		};
		3D6FA368233B319F005640BE /* Release */ = {
			isa = XCBuildConfiguration;
			buildSettings = {
				ALWAYS_SEARCH_USER_PATHS = NO;
				CLANG_ANALYZER_NONNULL = YES;
				CLANG_ANALYZER_NUMBER_OBJECT_CONVERSION = YES_AGGRESSIVE;
				CLANG_CXX_LANGUAGE_STANDARD = "gnu++14";
				CLANG_CXX_LIBRARY = "libc++";
				CLANG_ENABLE_MODULES = YES;
				CLANG_ENABLE_OBJC_ARC = YES;
				CLANG_ENABLE_OBJC_WEAK = YES;
				CLANG_WARN_BLOCK_CAPTURE_AUTORELEASING = YES;
				CLANG_WARN_BOOL_CONVERSION = YES;
				CLANG_WARN_COMMA = YES;
				CLANG_WARN_CONSTANT_CONVERSION = YES;
				CLANG_WARN_DEPRECATED_OBJC_IMPLEMENTATIONS = YES;
				CLANG_WARN_DIRECT_OBJC_ISA_USAGE = YES_ERROR;
				CLANG_WARN_DOCUMENTATION_COMMENTS = YES;
				CLANG_WARN_EMPTY_BODY = YES;
				CLANG_WARN_ENUM_CONVERSION = YES;
				CLANG_WARN_INFINITE_RECURSION = YES;
				CLANG_WARN_INT_CONVERSION = YES;
				CLANG_WARN_NON_LITERAL_NULL_CONVERSION = YES;
				CLANG_WARN_OBJC_IMPLICIT_RETAIN_SELF = YES;
				CLANG_WARN_OBJC_LITERAL_CONVERSION = YES;
				CLANG_WARN_OBJC_ROOT_CLASS = YES_ERROR;
				CLANG_WARN_RANGE_LOOP_ANALYSIS = YES;
				CLANG_WARN_STRICT_PROTOTYPES = YES;
				CLANG_WARN_SUSPICIOUS_MOVE = YES;
				CLANG_WARN_UNGUARDED_AVAILABILITY = YES_AGGRESSIVE;
				CLANG_WARN_UNREACHABLE_CODE = YES;
				CLANG_WARN__DUPLICATE_METHOD_MATCH = YES;
				CODE_SIGN_IDENTITY = "iPhone Developer";
				COPY_PHASE_STRIP = NO;
				DEBUG_INFORMATION_FORMAT = "dwarf-with-dsym";
				ENABLE_NS_ASSERTIONS = NO;
				ENABLE_STRICT_OBJC_MSGSEND = YES;
				GCC_C_LANGUAGE_STANDARD = gnu11;
				GCC_NO_COMMON_BLOCKS = YES;
				GCC_WARN_64_TO_32_BIT_CONVERSION = YES;
				GCC_WARN_ABOUT_RETURN_TYPE = YES_ERROR;
				GCC_WARN_UNDECLARED_SELECTOR = YES;
				GCC_WARN_UNINITIALIZED_AUTOS = YES_AGGRESSIVE;
				GCC_WARN_UNUSED_FUNCTION = YES;
				GCC_WARN_UNUSED_VARIABLE = YES;
				IPHONEOS_DEPLOYMENT_TARGET = 12.2;
				MTL_ENABLE_DEBUG_INFO = NO;
				MTL_FAST_MATH = YES;
				SDKROOT = iphoneos;
				SWIFT_COMPILATION_MODE = wholemodule;
				SWIFT_OPTIMIZATION_LEVEL = "-O";
				VALIDATE_PRODUCT = YES;
			};
			name = Release;
		};
		3D6FA36A233B319F005640BE /* Debug */ = {
			isa = XCBuildConfiguration;
			buildSettings = {
				ASSETCATALOG_COMPILER_APPICON_NAME = AppIcon;
				CODE_SIGN_STYLE = Automatic;
				DEVELOPMENT_TEAM = 5WMG7P59RX;
				INFOPLIST_FILE = Binge_Tracker/Info.plist;
				LD_RUNPATH_SEARCH_PATHS = (
					"$(inherited)",
					"@executable_path/Frameworks",
				);
				PRODUCT_BUNDLE_IDENTIFIER = "tools.Binge-Tracker";
				PRODUCT_NAME = "$(TARGET_NAME)";
				SWIFT_VERSION = 5.0;
				TARGETED_DEVICE_FAMILY = "1,2";
			};
			name = Debug;
		};
		3D6FA36B233B319F005640BE /* Release */ = {
			isa = XCBuildConfiguration;
			buildSettings = {
				ASSETCATALOG_COMPILER_APPICON_NAME = AppIcon;
				CODE_SIGN_STYLE = Automatic;
				DEVELOPMENT_TEAM = 5WMG7P59RX;
				INFOPLIST_FILE = Binge_Tracker/Info.plist;
				LD_RUNPATH_SEARCH_PATHS = (
					"$(inherited)",
					"@executable_path/Frameworks",
				);
				PRODUCT_BUNDLE_IDENTIFIER = "tools.Binge-Tracker";
				PRODUCT_NAME = "$(TARGET_NAME)";
				SWIFT_VERSION = 5.0;
				TARGETED_DEVICE_FAMILY = "1,2";
			};
			name = Release;
		};
		3D6FA36D233B319F005640BE /* Debug */ = {
			isa = XCBuildConfiguration;
			buildSettings = {
				ALWAYS_EMBED_SWIFT_STANDARD_LIBRARIES = YES;
				BUNDLE_LOADER = "$(TEST_HOST)";
				CODE_SIGN_STYLE = Automatic;
				DEVELOPMENT_TEAM = 5WMG7P59RX;
				INFOPLIST_FILE = Binge_TrackerTests/Info.plist;
				LD_RUNPATH_SEARCH_PATHS = (
					"$(inherited)",
					"@executable_path/Frameworks",
					"@loader_path/Frameworks",
				);
				PRODUCT_BUNDLE_IDENTIFIER = "tools.Binge-TrackerTests";
				PRODUCT_NAME = "$(TARGET_NAME)";
				SWIFT_VERSION = 5.0;
				TARGETED_DEVICE_FAMILY = "1,2";
				TEST_HOST = "$(BUILT_PRODUCTS_DIR)/Binge_Tracker.app/Binge_Tracker";
			};
			name = Debug;
		};
		3D6FA36E233B319F005640BE /* Release */ = {
			isa = XCBuildConfiguration;
			buildSettings = {
				ALWAYS_EMBED_SWIFT_STANDARD_LIBRARIES = YES;
				BUNDLE_LOADER = "$(TEST_HOST)";
				CODE_SIGN_STYLE = Automatic;
				DEVELOPMENT_TEAM = 5WMG7P59RX;
				INFOPLIST_FILE = Binge_TrackerTests/Info.plist;
				LD_RUNPATH_SEARCH_PATHS = (
					"$(inherited)",
					"@executable_path/Frameworks",
					"@loader_path/Frameworks",
				);
				PRODUCT_BUNDLE_IDENTIFIER = "tools.Binge-TrackerTests";
				PRODUCT_NAME = "$(TARGET_NAME)";
				SWIFT_VERSION = 5.0;
				TARGETED_DEVICE_FAMILY = "1,2";
				TEST_HOST = "$(BUILT_PRODUCTS_DIR)/Binge_Tracker.app/Binge_Tracker";
			};
			name = Release;
		};
		3D6FA370233B319F005640BE /* Debug */ = {
			isa = XCBuildConfiguration;
			buildSettings = {
				ALWAYS_EMBED_SWIFT_STANDARD_LIBRARIES = YES;
				CODE_SIGN_STYLE = Automatic;
				DEVELOPMENT_TEAM = 5WMG7P59RX;
				INFOPLIST_FILE = Binge_TrackerUITests/Info.plist;
				LD_RUNPATH_SEARCH_PATHS = (
					"$(inherited)",
					"@executable_path/Frameworks",
					"@loader_path/Frameworks",
				);
				PRODUCT_BUNDLE_IDENTIFIER = "tools.Binge-TrackerUITests";
				PRODUCT_NAME = "$(TARGET_NAME)";
				SWIFT_VERSION = 5.0;
				TARGETED_DEVICE_FAMILY = "1,2";
				TEST_TARGET_NAME = Binge_Tracker;
			};
			name = Debug;
		};
		3D6FA371233B319F005640BE /* Release */ = {
			isa = XCBuildConfiguration;
			buildSettings = {
				ALWAYS_EMBED_SWIFT_STANDARD_LIBRARIES = YES;
				CODE_SIGN_STYLE = Automatic;
				DEVELOPMENT_TEAM = 5WMG7P59RX;
				INFOPLIST_FILE = Binge_TrackerUITests/Info.plist;
				LD_RUNPATH_SEARCH_PATHS = (
					"$(inherited)",
					"@executable_path/Frameworks",
					"@loader_path/Frameworks",
				);
				PRODUCT_BUNDLE_IDENTIFIER = "tools.Binge-TrackerUITests";
				PRODUCT_NAME = "$(TARGET_NAME)";
				SWIFT_VERSION = 5.0;
				TARGETED_DEVICE_FAMILY = "1,2";
				TEST_TARGET_NAME = Binge_Tracker;
			};
			name = Release;
		};
/* End XCBuildConfiguration section */

/* Begin XCConfigurationList section */
		3D6FA339233B319D005640BE /* Build configuration list for PBXProject "Binge_Tracker" */ = {
			isa = XCConfigurationList;
			buildConfigurations = (
				3D6FA367233B319F005640BE /* Debug */,
				3D6FA368233B319F005640BE /* Release */,
			);
			defaultConfigurationIsVisible = 0;
			defaultConfigurationName = Release;
		};
		3D6FA369233B319F005640BE /* Build configuration list for PBXNativeTarget "Binge_Tracker" */ = {
			isa = XCConfigurationList;
			buildConfigurations = (
				3D6FA36A233B319F005640BE /* Debug */,
				3D6FA36B233B319F005640BE /* Release */,
			);
			defaultConfigurationIsVisible = 0;
			defaultConfigurationName = Release;
		};
		3D6FA36C233B319F005640BE /* Build configuration list for PBXNativeTarget "Binge_TrackerTests" */ = {
			isa = XCConfigurationList;
			buildConfigurations = (
				3D6FA36D233B319F005640BE /* Debug */,
				3D6FA36E233B319F005640BE /* Release */,
			);
			defaultConfigurationIsVisible = 0;
			defaultConfigurationName = Release;
		};
		3D6FA36F233B319F005640BE /* Build configuration list for PBXNativeTarget "Binge_TrackerUITests" */ = {
			isa = XCConfigurationList;
			buildConfigurations = (
				3D6FA370233B319F005640BE /* Debug */,
				3D6FA371233B319F005640BE /* Release */,
			);
			defaultConfigurationIsVisible = 0;
			defaultConfigurationName = Release;
		};
/* End XCConfigurationList section */

/* Begin XCVersionGroup section */
		3D6FA348233B319D005640BE /* Binge_Tracker.xcdatamodeld */ = {
			isa = XCVersionGroup;
			children = (
				3D6FA349233B319D005640BE /* Binge_Tracker.xcdatamodel */,
			);
			currentVersion = 3D6FA349233B319D005640BE /* Binge_Tracker.xcdatamodel */;
			path = Binge_Tracker.xcdatamodeld;
			sourceTree = "<group>";
			versionGroupType = wrapper.xcdatamodel;
		};
/* End XCVersionGroup section */
	};
	rootObject = 3D6FA336233B319D005640BE /* Project object */;
}
